github.com/eldario/smap v0.0.3 h1:bJ4uMGOO8ausF+dJWLYknl8ic/vQPZUoT3jx5ICH+X4=
github.com/eldario/smap v0.0.3/go.mod h1:S9u0qQxj3PwGdkcgs5+0fTtIDyljgzGB2nuYItPE8eg=
github.com/eldario/smap v0.0.4-0.20201217105501-6ab61e4e6a61 h1:Gi8gL9+yeHj+5n7okdkwybqloTw2MmwuJKnWLpx7yF0=
github.com/eldario/smap v0.0.4-0.20201217105501-6ab61e4e6a61/go.mod h1:S9u0qQxj3PwGdkcgs5+0fTtIDyljgzGB2nuYItPE8eg=
github.com/eldario/smap v0.0.4-0.20201217110818-920124ffa922 h1:VAZl0JuRWDjGLcMmfWoONrUkUxG+A2jSU422LGk+0UQ=
github.com/eldario/smap v0.0.4-0.20201217110818-920124ffa922/go.mod h1:S9u0qQxj3PwGdkcgs5+0fTtIDyljgzGB2nuYItPE8eg=
github.com/gorilla/mux v1.8.0 h1:i40aqfkR1h2SlN9hojwV5ZA91wcXFOvkdNIeFDP5koI=
github.com/gorilla/mux v1.8.0/go.mod h1:DVbg23sWSpFRCP0SfiEN6jmj59UnW/n46BH5rLB71So=
